// !$*UTF8*$!
{
	archiveVersion = 1;
	classes = {
	};
	objectVersion = 46;
	objects = {

/* Begin PBXBuildFile section */
		C9AF76F7194006E900DEFA3F /* Foundation.framework in Frameworks */ = {isa = PBXBuildFile; fileRef = C9AF76F6194006E900DEFA3F /* Foundation.framework */; };
		C9AF76F9194006E900DEFA3F /* CoreGraphics.framework in Frameworks */ = {isa = PBXBuildFile; fileRef = C9AF76F8194006E900DEFA3F /* CoreGraphics.framework */; };
		C9AF76FB194006E900DEFA3F /* UIKit.framework in Frameworks */ = {isa = PBXBuildFile; fileRef = C9AF76FA194006E900DEFA3F /* UIKit.framework */; };
		C9AF7701194006E900DEFA3F /* InfoPlist.strings in Resources */ = {isa = PBXBuildFile; fileRef = C9AF76FF194006E900DEFA3F /* InfoPlist.strings */; };
		C9AF7703194006E900DEFA3F /* main.m in Sources */ = {isa = PBXBuildFile; fileRef = C9AF7702194006E900DEFA3F /* main.m */; };
		C9AF7707194006E900DEFA3F /* AppDelegate.m in Sources */ = {isa = PBXBuildFile; fileRef = C9AF7706194006E900DEFA3F /* AppDelegate.m */; };
		C9AF7709194006E900DEFA3F /* Images.xcassets in Resources */ = {isa = PBXBuildFile; fileRef = C9AF7708194006E900DEFA3F /* Images.xcassets */; };
		C9AF7710194006E900DEFA3F /* XCTest.framework in Frameworks */ = {isa = PBXBuildFile; fileRef = C9AF770F194006E900DEFA3F /* XCTest.framework */; };
		C9AF7711194006E900DEFA3F /* Foundation.framework in Frameworks */ = {isa = PBXBuildFile; fileRef = C9AF76F6194006E900DEFA3F /* Foundation.framework */; };
		C9AF7712194006E900DEFA3F /* UIKit.framework in Frameworks */ = {isa = PBXBuildFile; fileRef = C9AF76FA194006E900DEFA3F /* UIKit.framework */; };
		C9AF771A194006E900DEFA3F /* InfoPlist.strings in Resources */ = {isa = PBXBuildFile; fileRef = C9AF7718194006E900DEFA3F /* InfoPlist.strings */; };
		C9AF771C194006E900DEFA3F /* TumblrTests.m in Sources */ = {isa = PBXBuildFile; fileRef = C9AF771B194006E900DEFA3F /* TumblrTests.m */; };
/* End PBXBuildFile section */

/* Begin PBXContainerItemProxy section */
		C9AF7713194006E900DEFA3F /* PBXContainerItemProxy */ = {
			isa = PBXContainerItemProxy;
			containerPortal = C9AF76EB194006E900DEFA3F /* Project object */;
			proxyType = 1;
			remoteGlobalIDString = C9AF76F2194006E900DEFA3F;
			remoteInfo = Tumblr;
		};
/* End PBXContainerItemProxy section */

/* Begin PBXFileReference section */
		C9AF76F3194006E900DEFA3F /* Tumblr.app */ = {isa = PBXFileReference; explicitFileType = wrapper.application; includeInIndex = 0; path = Tumblr.app; sourceTree = BUILT_PRODUCTS_DIR; };
		C9AF76F6194006E900DEFA3F /* Foundation.framework */ = {isa = PBXFileReference; lastKnownFileType = wrapper.framework; name = Foundation.framework; path = System/Library/Frameworks/Foundation.framework; sourceTree = SDKROOT; };
		C9AF76F8194006E900DEFA3F /* CoreGraphics.framework */ = {isa = PBXFileReference; lastKnownFileType = wrapper.framework; name = CoreGraphics.framework; path = System/Library/Frameworks/CoreGraphics.framework; sourceTree = SDKROOT; };
		C9AF76FA194006E900DEFA3F /* UIKit.framework */ = {isa = PBXFileReference; lastKnownFileType = wrapper.framework; name = UIKit.framework; path = System/Library/Frameworks/UIKit.framework; sourceTree = SDKROOT; };
		C9AF76FE194006E900DEFA3F /* Tumblr-Info.plist */ = {isa = PBXFileReference; lastKnownFileType = text.plist.xml; path = "Tumblr-Info.plist"; sourceTree = "<group>"; };
		C9AF7700194006E900DEFA3F /* en */ = {isa = PBXFileReference; lastKnownFileType = text.plist.strings; name = en; path = en.lproj/InfoPlist.strings; sourceTree = "<group>"; };
		C9AF7702194006E900DEFA3F /* main.m */ = {isa = PBXFileReference; lastKnownFileType = sourcecode.c.objc; path = main.m; sourceTree = "<group>"; };
		C9AF7704194006E900DEFA3F /* Tumblr-Prefix.pch */ = {isa = PBXFileReference; lastKnownFileType = sourcecode.c.h; path = "Tumblr-Prefix.pch"; sourceTree = "<group>"; };
		C9AF7705194006E900DEFA3F /* AppDelegate.h */ = {isa = PBXFileReference; lastKnownFileType = sourcecode.c.h; path = AppDelegate.h; sourceTree = "<group>"; };
		C9AF7706194006E900DEFA3F /* AppDelegate.m */ = {isa = PBXFileReference; lastKnownFileType = sourcecode.c.objc; path = AppDelegate.m; sourceTree = "<group>"; };
		C9AF7708194006E900DEFA3F /* Images.xcassets */ = {isa = PBXFileReference; lastKnownFileType = folder.assetcatalog; path = Images.xcassets; sourceTree = "<group>"; };
		C9AF770E194006E900DEFA3F /* TumblrTests.xctest */ = {isa = PBXFileReference; explicitFileType = wrapper.cfbundle; includeInIndex = 0; path = TumblrTests.xctest; sourceTree = BUILT_PRODUCTS_DIR; };
		C9AF770F194006E900DEFA3F /* XCTest.framework */ = {isa = PBXFileReference; lastKnownFileType = wrapper.framework; name = XCTest.framework; path = Library/Frameworks/XCTest.framework; sourceTree = DEVELOPER_DIR; };
		C9AF7717194006E900DEFA3F /* TumblrTests-Info.plist */ = {isa = PBXFileReference; lastKnownFileType = text.plist.xml; path = "TumblrTests-Info.plist"; sourceTree = "<group>"; };
		C9AF7719194006E900DEFA3F /* en */ = {isa = PBXFileReference; lastKnownFileType = text.plist.strings; name = en; path = en.lproj/InfoPlist.strings; sourceTree = "<group>"; };
		C9AF771B194006E900DEFA3F /* TumblrTests.m */ = {isa = PBXFileReference; lastKnownFileType = sourcecode.c.objc; path = TumblrTests.m; sourceTree = "<group>"; };
/* End PBXFileReference section */

/* Begin PBXFrameworksBuildPhase section */
		C9AF76F0194006E900DEFA3F /* Frameworks */ = {
			isa = PBXFrameworksBuildPhase;
			buildActionMask = 2147483647;
			files = (
				C9AF76F9194006E900DEFA3F /* CoreGraphics.framework in Frameworks */,
				C9AF76FB194006E900DEFA3F /* UIKit.framework in Frameworks */,
				C9AF76F7194006E900DEFA3F /* Foundation.framework in Frameworks */,
			);
			runOnlyForDeploymentPostprocessing = 0;
		};
		C9AF770B194006E900DEFA3F /* Frameworks */ = {
			isa = PBXFrameworksBuildPhase;
			buildActionMask = 2147483647;
			files = (
				C9AF7710194006E900DEFA3F /* XCTest.framework in Frameworks */,
				C9AF7712194006E900DEFA3F /* UIKit.framework in Frameworks */,
				C9AF7711194006E900DEFA3F /* Foundation.framework in Frameworks */,
			);
			runOnlyForDeploymentPostprocessing = 0;
		};
/* End PBXFrameworksBuildPhase section */

/* Begin PBXGroup section */
		C9AF76EA194006E900DEFA3F = {
			isa = PBXGroup;
			children = (
				C9AF76FC194006E900DEFA3F /* Tumblr */,
				C9AF7715194006E900DEFA3F /* TumblrTests */,
				C9AF76F5194006E900DEFA3F /* Frameworks */,
				C9AF76F4194006E900DEFA3F /* Products */,
			);
			sourceTree = "<group>";
		};
		C9AF76F4194006E900DEFA3F /* Products */ = {
			isa = PBXGroup;
			children = (
				C9AF76F3194006E900DEFA3F /* Tumblr.app */,
				C9AF770E194006E900DEFA3F /* TumblrTests.xctest */,
			);
			name = Products;
			sourceTree = "<group>";
		};
		C9AF76F5194006E900DEFA3F /* Frameworks */ = {
			isa = PBXGroup;
			children = (
				C9AF76F6194006E900DEFA3F /* Foundation.framework */,
				C9AF76F8194006E900DEFA3F /* CoreGraphics.framework */,
				C9AF76FA194006E900DEFA3F /* UIKit.framework */,
				C9AF770F194006E900DEFA3F /* XCTest.framework */,
			);
			name = Frameworks;
			sourceTree = "<group>";
		};
		C9AF76FC194006E900DEFA3F /* Tumblr */ = {
			isa = PBXGroup;
			children = (
				C9AF7705194006E900DEFA3F /* AppDelegate.h */,
				C9AF7706194006E900DEFA3F /* AppDelegate.m */,
				C9AF7708194006E900DEFA3F /* Images.xcassets */,
				C9AF76FD194006E900DEFA3F /* Supporting Files */,
			);
			path = Tumblr;
			sourceTree = "<group>";
		};
		C9AF76FD194006E900DEFA3F /* Supporting Files */ = {
			isa = PBXGroup;
			children = (
				C9AF76FE194006E900DEFA3F /* Tumblr-Info.plist */,
				C9AF76FF194006E900DEFA3F /* InfoPlist.strings */,
				C9AF7702194006E900DEFA3F /* main.m */,
				C9AF7704194006E900DEFA3F /* Tumblr-Prefix.pch */,
			);
			name = "Supporting Files";
			sourceTree = "<group>";
		};
		C9AF7715194006E900DEFA3F /* TumblrTests */ = {
			isa = PBXGroup;
			children = (
				C9AF771B194006E900DEFA3F /* TumblrTests.m */,
				C9AF7716194006E900DEFA3F /* Supporting Files */,
			);
			path = TumblrTests;
			sourceTree = "<group>";
		};
		C9AF7716194006E900DEFA3F /* Supporting Files */ = {
			isa = PBXGroup;
			children = (
				C9AF7717194006E900DEFA3F /* TumblrTests-Info.plist */,
				C9AF7718194006E900DEFA3F /* InfoPlist.strings */,
			);
			name = "Supporting Files";
			sourceTree = "<group>";
		};
/* End PBXGroup section */

/* Begin PBXNativeTarget section */
		C9AF76F2194006E900DEFA3F /* Tumblr */ = {
			isa = PBXNativeTarget;
			buildConfigurationList = C9AF771F194006E900DEFA3F /* Build configuration list for PBXNativeTarget "Tumblr" */;
			buildPhases = (
				C9AF76EF194006E900DEFA3F /* Sources */,
				C9AF76F0194006E900DEFA3F /* Frameworks */,
				C9AF76F1194006E900DEFA3F /* Resources */,
			);
			buildRules = (
			);
			dependencies = (
			);
			name = Tumblr;
			productName = Tumblr;
			productReference = C9AF76F3194006E900DEFA3F /* Tumblr.app */;
			productType = "com.apple.product-type.application";
		};
		C9AF770D194006E900DEFA3F /* TumblrTests */ = {
			isa = PBXNativeTarget;
			buildConfigurationList = C9AF7722194006E900DEFA3F /* Build configuration list for PBXNativeTarget "TumblrTests" */;
			buildPhases = (
				C9AF770A194006E900DEFA3F /* Sources */,
				C9AF770B194006E900DEFA3F /* Frameworks */,
				C9AF770C194006E900DEFA3F /* Resources */,
			);
			buildRules = (
			);
			dependencies = (
				C9AF7714194006E900DEFA3F /* PBXTargetDependency */,
			);
			name = TumblrTests;
			productName = TumblrTests;
			productReference = C9AF770E194006E900DEFA3F /* TumblrTests.xctest */;
			productType = "com.apple.product-type.bundle.unit-test";
		};
/* End PBXNativeTarget section */

/* Begin PBXProject section */
		C9AF76EB194006E900DEFA3F /* Project object */ = {
			isa = PBXProject;
			attributes = {
				LastUpgradeCheck = 0510;
				ORGANIZATIONNAME = "Matt Mitchell";
				TargetAttributes = {
					C9AF770D194006E900DEFA3F = {
						TestTargetID = C9AF76F2194006E900DEFA3F;
					};
				};
			};
			buildConfigurationList = C9AF76EE194006E900DEFA3F /* Build configuration list for PBXProject "Tumblr" */;
			compatibilityVersion = "Xcode 3.2";
			developmentRegion = English;
			hasScannedForEncodings = 0;
			knownRegions = (
				en,
			);
			mainGroup = C9AF76EA194006E900DEFA3F;
			productRefGroup = C9AF76F4194006E900DEFA3F /* Products */;
			projectDirPath = "";
			projectRoot = "";
			targets = (
				C9AF76F2194006E900DEFA3F /* Tumblr */,
				C9AF770D194006E900DEFA3F /* TumblrTests */,
			);
		};
/* End PBXProject section */

/* Begin PBXResourcesBuildPhase section */
		C9AF76F1194006E900DEFA3F /* Resources */ = {
			isa = PBXResourcesBuildPhase;
			buildActionMask = 2147483647;
			files = (
				C9AF7701194006E900DEFA3F /* InfoPlist.strings in Resources */,
				C9AF7709194006E900DEFA3F /* Images.xcassets in Resources */,
			);
			runOnlyForDeploymentPostprocessing = 0;
		};
		C9AF770C194006E900DEFA3F /* Resources */ = {
			isa = PBXResourcesBuildPhase;
			buildActionMask = 2147483647;
			files = (
				C9AF771A194006E900DEFA3F /* InfoPlist.strings in Resources */,
			);
			runOnlyForDeploymentPostprocessing = 0;
		};
/* End PBXResourcesBuildPhase section */

/* Begin PBXSourcesBuildPhase section */
		C9AF76EF194006E900DEFA3F /* Sources */ = {
			isa = PBXSourcesBuildPhase;
			buildActionMask = 2147483647;
			files = (
				C9AF7707194006E900DEFA3F /* AppDelegate.m in Sources */,
				C9AF7703194006E900DEFA3F /* main.m in Sources */,
			);
			runOnlyForDeploymentPostprocessing = 0;
		};
		C9AF770A194006E900DEFA3F /* Sources */ = {
			isa = PBXSourcesBuildPhase;
			buildActionMask = 2147483647;
			files = (
				C9AF771C194006E900DEFA3F /* TumblrTests.m in Sources */,
			);
			runOnlyForDeploymentPostprocessing = 0;
		};
/* End PBXSourcesBuildPhase section */

/* Begin PBXTargetDependency section */
		C9AF7714194006E900DEFA3F /* PBXTargetDependency */ = {
			isa = PBXTargetDependency;
			target = C9AF76F2194006E900DEFA3F /* Tumblr */;
			targetProxy = C9AF7713194006E900DEFA3F /* PBXContainerItemProxy */;
		};
/* End PBXTargetDependency section */

/* Begin PBXVariantGroup section */
		C9AF76FF194006E900DEFA3F /* InfoPlist.strings */ = {
			isa = PBXVariantGroup;
			children = (
				C9AF7700194006E900DEFA3F /* en */,
			);
			name = InfoPlist.strings;
			sourceTree = "<group>";
		};
		C9AF7718194006E900DEFA3F /* InfoPlist.strings */ = {
			isa = PBXVariantGroup;
			children = (
				C9AF7719194006E900DEFA3F /* en */,
			);
			name = InfoPlist.strings;
			sourceTree = "<group>";
		};
/* End PBXVariantGroup section */

/* Begin XCBuildConfiguration section */
		C9AF771D194006E900DEFA3F /* Debug */ = {
			isa = XCBuildConfiguration;
			buildSettings = {
				ALWAYS_SEARCH_USER_PATHS = NO;
				CLANG_CXX_LANGUAGE_STANDARD = "gnu++0x";
				CLANG_CXX_LIBRARY = "libc++";
				CLANG_ENABLE_MODULES = YES;
				CLANG_ENABLE_OBJC_ARC = YES;
				CLANG_WARN_BOOL_CONVERSION = YES;
				CLANG_WARN_CONSTANT_CONVERSION = YES;
				CLANG_WARN_DIRECT_OBJC_ISA_USAGE = YES_ERROR;
				CLANG_WARN_EMPTY_BODY = YES;
				CLANG_WARN_ENUM_CONVERSION = YES;
				CLANG_WARN_INT_CONVERSION = YES;
				CLANG_WARN_OBJC_ROOT_CLASS = YES_ERROR;
				CLANG_WARN__DUPLICATE_METHOD_MATCH = YES;
				"CODE_SIGN_IDENTITY[sdk=iphoneos*]" = "iPhone Developer";
				COPY_PHASE_STRIP = NO;
				GCC_C_LANGUAGE_STANDARD = gnu99;
				GCC_DYNAMIC_NO_PIC = NO;
				GCC_OPTIMIZATION_LEVEL = 0;
				GCC_PREPROCESSOR_DEFINITIONS = (
					"DEBUG=1",
					"$(inherited)",
				);
				GCC_SYMBOLS_PRIVATE_EXTERN = NO;
				GCC_WARN_64_TO_32_BIT_CONVERSION = YES;
				GCC_WARN_ABOUT_RETURN_TYPE = YES_ERROR;
				GCC_WARN_UNDECLARED_SELECTOR = YES;
				GCC_WARN_UNINITIALIZED_AUTOS = YES_AGGRESSIVE;
				GCC_WARN_UNUSED_FUNCTION = YES;
				GCC_WARN_UNUSED_VARIABLE = YES;
				IPHONEOS_DEPLOYMENT_TARGET = 7.1;
				ONLY_ACTIVE_ARCH = YES;
				SDKROOT = iphoneos;
			};
			name = Debug;
		};
		C9AF771E194006E900DEFA3F /* Release */ = {
			isa = XCBuildConfiguration;
			buildSettings = {
				ALWAYS_SEARCH_USER_PATHS = NO;
				CLANG_CXX_LANGUAGE_STANDARD = "gnu++0x";
				CLANG_CXX_LIBRARY = "libc++";
				CLANG_ENABLE_MODULES = YES;
				CLANG_ENABLE_OBJC_ARC = YES;
				CLANG_WARN_BOOL_CONVERSION = YES;
				CLANG_WARN_CONSTANT_CONVERSION = YES;
				CLANG_WARN_DIRECT_OBJC_ISA_USAGE = YES_ERROR;
				CLANG_WARN_EMPTY_BODY = YES;
				CLANG_WARN_ENUM_CONVERSION = YES;
				CLANG_WARN_INT_CONVERSION = YES;
				CLANG_WARN_OBJC_ROOT_CLASS = YES_ERROR;
				CLANG_WARN__DUPLICATE_METHOD_MATCH = YES;
				"CODE_SIGN_IDENTITY[sdk=iphoneos*]" = "iPhone Developer";
				COPY_PHASE_STRIP = YES;
				ENABLE_NS_ASSERTIONS = NO;
				GCC_C_LANGUAGE_STANDARD = gnu99;
				GCC_WARN_64_TO_32_BIT_CONVERSION = YES;
				GCC_WARN_ABOUT_RETURN_TYPE = YES_ERROR;
				GCC_WARN_UNDECLARED_SELECTOR = YES;
				GCC_WARN_UNINITIALIZED_AUTOS = YES_AGGRESSIVE;
				GCC_WARN_UNUSED_FUNCTION = YES;
				GCC_WARN_UNUSED_VARIABLE = YES;
				IPHONEOS_DEPLOYMENT_TARGET = 7.1;
				SDKROOT = iphoneos;
				VALIDATE_PRODUCT = YES;
			};
			name = Release;
		};
		C9AF7720194006E900DEFA3F /* Debug */ = {
			isa = XCBuildConfiguration;
			buildSettings = {
				ASSETCATALOG_COMPILER_APPICON_NAME = AppIcon;
				ASSETCATALOG_COMPILER_LAUNCHIMAGE_NAME = LaunchImage;
				GCC_PRECOMPILE_PREFIX_HEADER = YES;
				GCC_PREFIX_HEADER = "Tumblr/Tumblr-Prefix.pch";
				INFOPLIST_FILE = "Tumblr/Tumblr-Info.plist";
				PRODUCT_NAME = "$(TARGET_NAME)";
				WRAPPER_EXTENSION = app;
			};
			name = Debug;
		};
		C9AF7721194006E900DEFA3F /* Release */ = {
			isa = XCBuildConfiguration;
			buildSettings = {
				ASSETCATALOG_COMPILER_APPICON_NAME = AppIcon;
				ASSETCATALOG_COMPILER_LAUNCHIMAGE_NAME = LaunchImage;
				GCC_PRECOMPILE_PREFIX_HEADER = YES;
				GCC_PREFIX_HEADER = "Tumblr/Tumblr-Prefix.pch";
				INFOPLIST_FILE = "Tumblr/Tumblr-Info.plist";
				PRODUCT_NAME = "$(TARGET_NAME)";
				WRAPPER_EXTENSION = app;
			};
			name = Release;
		};
		C9AF7723194006E900DEFA3F /* Debug */ = {
			isa = XCBuildConfiguration;
			buildSettings = {
				BUNDLE_LOADER = "$(BUILT_PRODUCTS_DIR)/Tumblr.app/Tumblr";
				FRAMEWORK_SEARCH_PATHS = (
					"$(SDKROOT)/Developer/Library/Frameworks",
					"$(inherited)",
					"$(DEVELOPER_FRAMEWORKS_DIR)",
				);
				GCC_PRECOMPILE_PREFIX_HEADER = YES;
				GCC_PREFIX_HEADER = "Tumblr/Tumblr-Prefix.pch";
				GCC_PREPROCESSOR_DEFINITIONS = (
					"DEBUG=1",
					"$(inherited)",
				);
				INFOPLIST_FILE = "TumblrTests/TumblrTests-Info.plist";
				PRODUCT_NAME = "$(TARGET_NAME)";
				TEST_HOST = "$(BUNDLE_LOADER)";
				WRAPPER_EXTENSION = xctest;
			};
			name = Debug;
		};
		C9AF7724194006E900DEFA3F /* Release */ = {
			isa = XCBuildConfiguration;
			buildSettings = {
				BUNDLE_LOADER = "$(BUILT_PRODUCTS_DIR)/Tumblr.app/Tumblr";
				FRAMEWORK_SEARCH_PATHS = (
					"$(SDKROOT)/Developer/Library/Frameworks",
					"$(inherited)",
					"$(DEVELOPER_FRAMEWORKS_DIR)",
				);
				GCC_PRECOMPILE_PREFIX_HEADER = YES;
				GCC_PREFIX_HEADER = "Tumblr/Tumblr-Prefix.pch";
				INFOPLIST_FILE = "TumblrTests/TumblrTests-Info.plist";
				PRODUCT_NAME = "$(TARGET_NAME)";
				TEST_HOST = "$(BUNDLE_LOADER)";
				WRAPPER_EXTENSION = xctest;
			};
			name = Release;
		};
/* End XCBuildConfiguration section */

/* Begin XCConfigurationList section */
		C9AF76EE194006E900DEFA3F /* Build configuration list for PBXProject "Tumblr" */ = {
			isa = XCConfigurationList;
			buildConfigurations = (
				C9AF771D194006E900DEFA3F /* Debug */,
				C9AF771E194006E900DEFA3F /* Release */,
			);
			defaultConfigurationIsVisible = 0;
			defaultConfigurationName = Release;
		};
		C9AF771F194006E900DEFA3F /* Build configuration list for PBXNativeTarget "Tumblr" */ = {
			isa = XCConfigurationList;
			buildConfigurations = (
				C9AF7720194006E900DEFA3F /* Debug */,
				C9AF7721194006E900DEFA3F /* Release */,
			);
			defaultConfigurationIsVisible = 0;
		};
		C9AF7722194006E900DEFA3F /* Build configuration list for PBXNativeTarget "TumblrTests" */ = {
			isa = XCConfigurationList;
			buildConfigurations = (
				C9AF7723194006E900DEFA3F /* Debug */,
				C9AF7724194006E900DEFA3F /* Release */,
			);
			defaultConfigurationIsVisible = 0;
		};
/* End XCConfigurationList section */
	};
	rootObject = C9AF76EB194006E900DEFA3F /* Project object */;
}
